
Microsoft Visual Studio Solution File, Format Version 12.00
# Visual Studio 15
Project("{FAE04EC0-301F-11D3-BF4B-00C04F79EFBC}") = "Assembly-CSharp", "Assembly-CSharp.csproj", "{C550D561-12AA-47F5-2E32-1DB11F9F0805}"
EndProject
Project("{FAE04EC0-301F-11D3-BF4B-00C04F79EFBC}") = "Assembly-CSharp-Editor", "Assembly-CSharp-Editor.csproj", "{853C6B15-A72F-149A-73CD-159F86F27284}"
EndProject
Global
	GlobalSection(SolutionConfigurationPlatforms) = preSolution
		Debug|Any CPU = Debug|Any CPU
		Release|Any CPU = Release|Any CPU
	EndGlobalSection
	GlobalSection(ProjectConfigurationPlatforms) = postSolution
		{C550D561-12AA-47F5-2E32-1DB11F9F0805}.Debug|Any CPU.ActiveCfg = Debug|Any CPU
		{C550D561-12AA-47F5-2E32-1DB11F9F0805}.Debug|Any CPU.Build.0 = Debug|Any CPU
		{C550D561-12AA-47F5-2E32-1DB11F9F0805}.Release|Any CPU.ActiveCfg = Release|Any CPU
		{C550D561-12AA-47F5-2E32-1DB11F9F0805}.Release|Any CPU.Build.0 = Release|Any CPU
		{853C6B15-A72F-149A-73CD-159F86F27284}.Debug|Any CPU.ActiveCfg = Debug|Any CPU
		{853C6B15-A72F-149A-73CD-159F86F27284}.Debug|Any CPU.Build.0 = Debug|Any CPU
		{853C6B15-A72F-149A-73CD-159F86F27284}.Release|Any CPU.ActiveCfg = Release|Any CPU
		{853C6B15-A72F-149A-73CD-159F86F27284}.Release|Any CPU.Build.0 = Release|Any CPU
	EndGlobalSection
	GlobalSection(SolutionProperties) = preSolution
		HideSolutionNode = FALSE
	EndGlobalSection
EndGlobal
